
Microsoft Visual Studio Solution File, Format Version 12.00
# Visual Studio 15
VisualStudioVersion = 15.0.27130.0
MinimumVisualStudioVersion = 10.0.40219.1
Project("{FAE04EC0-301F-11D3-BF4B-00C04F79EFBC}") = "NAPS2", "NAPS2\NAPS2.csproj", "{EAC4A133-93BE-4400-BFA9-CEB1615693C4}"
EndProject
Project("{2150E333-8FDC-42A3-9474-1A3956D46DE8}") = ".nuget", ".nuget", "{F6CC4F6D-EE76-43D9-977B-8802C9665CC4}"
	ProjectSection(SolutionItems) = preProject
		.nuget\NuGet.Config = .nuget\NuGet.Config
		.nuget\NuGet.exe = .nuget\NuGet.exe
		.nuget\NuGet.targets = .nuget\NuGet.targets
	EndProjectSection
EndProject
Project("{FAE04EC0-301F-11D3-BF4B-00C04F79EFBC}") = "NAPS2.Core", "NAPS2.Core\NAPS2.Core.csproj", "{968378FA-A649-4058-A928-1FCD97B23070}"
EndProject
Project("{FAE04EC0-301F-11D3-BF4B-00C04F79EFBC}") = "NAPS2.DI", "NAPS2.DI\NAPS2.DI.csproj", "{4D349529-149B-498B-8A55-373E6A67E1F0}"
EndProject
Global
	GlobalSection(SolutionConfigurationPlatforms) = preSolution
		Debug|Any CPU = Debug|Any CPU
		Debug|Mixed Platforms = Debug|Mixed Platforms
		Debug|x86 = Debug|x86
		InstallerEXE|Any CPU = InstallerEXE|Any CPU
		InstallerEXE|Mixed Platforms = InstallerEXE|Mixed Platforms
		InstallerEXE|x86 = InstallerEXE|x86
		InstallerMSI|Any CPU = InstallerMSI|Any CPU
		InstallerMSI|Mixed Platforms = InstallerMSI|Mixed Platforms
		InstallerMSI|x86 = InstallerMSI|x86
		Release|Any CPU = Release|Any CPU
		Release|Mixed Platforms = Release|Mixed Platforms
		Release|x86 = Release|x86
		Standalone7Z|Any CPU = Standalone7Z|Any CPU
		Standalone7Z|Mixed Platforms = Standalone7Z|Mixed Platforms
		Standalone7Z|x86 = Standalone7Z|x86
		StandaloneZIP|Any CPU = StandaloneZIP|Any CPU
		StandaloneZIP|Mixed Platforms = StandaloneZIP|Mixed Platforms
		StandaloneZIP|x86 = StandaloneZIP|x86
	EndGlobalSection
	GlobalSection(ProjectConfigurationPlatforms) = postSolution
		{EAC4A133-93BE-4400-BFA9-CEB1615693C4}.Debug|Any CPU.ActiveCfg = Debug|x86
		{EAC4A133-93BE-4400-BFA9-CEB1615693C4}.Debug|Any CPU.Build.0 = Debug|x86
		{EAC4A133-93BE-4400-BFA9-CEB1615693C4}.Debug|Mixed Platforms.ActiveCfg = Debug|x86
		{EAC4A133-93BE-4400-BFA9-CEB1615693C4}.Debug|Mixed Platforms.Build.0 = Debug|x86
		{EAC4A133-93BE-4400-BFA9-CEB1615693C4}.Debug|x86.ActiveCfg = Debug|x86
		{EAC4A133-93BE-4400-BFA9-CEB1615693C4}.Debug|x86.Build.0 = Debug|x86
		{EAC4A133-93BE-4400-BFA9-CEB1615693C4}.InstallerEXE|Any CPU.ActiveCfg = InstallerEXE|x86
		{EAC4A133-93BE-4400-BFA9-CEB1615693C4}.InstallerEXE|Any CPU.Build.0 = InstallerEXE|x86
		{EAC4A133-93BE-4400-BFA9-CEB1615693C4}.InstallerEXE|Mixed Platforms.ActiveCfg = InstallerEXE|x86
		{EAC4A133-93BE-4400-BFA9-CEB1615693C4}.InstallerEXE|Mixed Platforms.Build.0 = InstallerEXE|x86
		{EAC4A133-93BE-4400-BFA9-CEB1615693C4}.InstallerEXE|x86.ActiveCfg = InstallerEXE|x86
		{EAC4A133-93BE-4400-BFA9-CEB1615693C4}.InstallerEXE|x86.Build.0 = InstallerEXE|x86
		{EAC4A133-93BE-4400-BFA9-CEB1615693C4}.InstallerMSI|Any CPU.ActiveCfg = InstallerMSI|x86
		{EAC4A133-93BE-4400-BFA9-CEB1615693C4}.InstallerMSI|Any CPU.Build.0 = InstallerMSI|x86
		{EAC4A133-93BE-4400-BFA9-CEB1615693C4}.InstallerMSI|Mixed Platforms.ActiveCfg = InstallerMSI|x86
		{EAC4A133-93BE-4400-BFA9-CEB1615693C4}.InstallerMSI|Mixed Platforms.Build.0 = InstallerMSI|x86
		{EAC4A133-93BE-4400-BFA9-CEB1615693C4}.InstallerMSI|x86.ActiveCfg = InstallerMSI|x86
		{EAC4A133-93BE-4400-BFA9-CEB1615693C4}.InstallerMSI|x86.Build.0 = InstallerMSI|x86
		{EAC4A133-93BE-4400-BFA9-CEB1615693C4}.Release|Any CPU.ActiveCfg = StandaloneZIP|x86
		{EAC4A133-93BE-4400-BFA9-CEB1615693C4}.Release|Any CPU.Build.0 = StandaloneZIP|x86
		{EAC4A133-93BE-4400-BFA9-CEB1615693C4}.Release|Mixed Platforms.ActiveCfg = InstallerEXE|x86
		{EAC4A133-93BE-4400-BFA9-CEB1615693C4}.Release|Mixed Platforms.Build.0 = InstallerEXE|x86
		{EAC4A133-93BE-4400-BFA9-CEB1615693C4}.Release|x86.ActiveCfg = StandaloneZIP|x86
		{EAC4A133-93BE-4400-BFA9-CEB1615693C4}.Release|x86.Build.0 = StandaloneZIP|x86
		{EAC4A133-93BE-4400-BFA9-CEB1615693C4}.Standalone7Z|Any CPU.ActiveCfg = Standalone7Z|x86
		{EAC4A133-93BE-4400-BFA9-CEB1615693C4}.Standalone7Z|Any CPU.Build.0 = Standalone7Z|x86
		{EAC4A133-93BE-4400-BFA9-CEB1615693C4}.Standalone7Z|Mixed Platforms.ActiveCfg = Standalone7Z|x86
		{EAC4A133-93BE-4400-BFA9-CEB1615693C4}.Standalone7Z|Mixed Platforms.Build.0 = Standalone7Z|x86
		{EAC4A133-93BE-4400-BFA9-CEB1615693C4}.Standalone7Z|x86.ActiveCfg = Standalone7Z|x86
		{EAC4A133-93BE-4400-BFA9-CEB1615693C4}.Standalone7Z|x86.Build.0 = Standalone7Z|x86
		{EAC4A133-93BE-4400-BFA9-CEB1615693C4}.StandaloneZIP|Any CPU.ActiveCfg = StandaloneZIP|x86
		{EAC4A133-93BE-4400-BFA9-CEB1615693C4}.StandaloneZIP|Any CPU.Build.0 = StandaloneZIP|x86
		{EAC4A133-93BE-4400-BFA9-CEB1615693C4}.StandaloneZIP|Mixed Platforms.ActiveCfg = StandaloneZIP|x86
		{EAC4A133-93BE-4400-BFA9-CEB1615693C4}.StandaloneZIP|Mixed Platforms.Build.0 = StandaloneZIP|x86
		{EAC4A133-93BE-4400-BFA9-CEB1615693C4}.StandaloneZIP|x86.ActiveCfg = StandaloneZIP|x86
		{EAC4A133-93BE-4400-BFA9-CEB1615693C4}.StandaloneZIP|x86.Build.0 = StandaloneZIP|x86
		{968378FA-A649-4058-A928-1FCD97B23070}.Debug|Any CPU.ActiveCfg = Debug|x86
		{968378FA-A649-4058-A928-1FCD97B23070}.Debug|Any CPU.Build.0 = Debug|x86
		{968378FA-A649-4058-A928-1FCD97B23070}.Debug|Mixed Platforms.ActiveCfg = Debug|x86
		{968378FA-A649-4058-A928-1FCD97B23070}.Debug|Mixed Platforms.Build.0 = Debug|x86
		{968378FA-A649-4058-A928-1FCD97B23070}.Debug|x86.ActiveCfg = Debug|x86
		{968378FA-A649-4058-A928-1FCD97B23070}.Debug|x86.Build.0 = Debug|x86
		{968378FA-A649-4058-A928-1FCD97B23070}.InstallerEXE|Any CPU.ActiveCfg = InstallerEXE|x86
		{968378FA-A649-4058-A928-1FCD97B23070}.InstallerEXE|Any CPU.Build.0 = InstallerEXE|x86
		{968378FA-A649-4058-A928-1FCD97B23070}.InstallerEXE|Mixed Platforms.ActiveCfg = InstallerEXE|x86
		{968378FA-A649-4058-A928-1FCD97B23070}.InstallerEXE|Mixed Platforms.Build.0 = InstallerEXE|x86
		{968378FA-A649-4058-A928-1FCD97B23070}.InstallerEXE|x86.ActiveCfg = InstallerEXE|x86
		{968378FA-A649-4058-A928-1FCD97B23070}.InstallerEXE|x86.Build.0 = InstallerEXE|x86
		{968378FA-A649-4058-A928-1FCD97B23070}.InstallerMSI|Any CPU.ActiveCfg = InstallerMSI|x86
		{968378FA-A649-4058-A928-1FCD97B23070}.InstallerMSI|Any CPU.Build.0 = InstallerMSI|x86
		{968378FA-A649-4058-A928-1FCD97B23070}.InstallerMSI|Mixed Platforms.ActiveCfg = InstallerMSI|x86
		{968378FA-A649-4058-A928-1FCD97B23070}.InstallerMSI|Mixed Platforms.Build.0 = InstallerMSI|x86
		{968378FA-A649-4058-A928-1FCD97B23070}.InstallerMSI|x86.ActiveCfg = InstallerMSI|x86
		{968378FA-A649-4058-A928-1FCD97B23070}.InstallerMSI|x86.Build.0 = InstallerMSI|x86
		{968378FA-A649-4058-A928-1FCD97B23070}.Release|Any CPU.ActiveCfg = Standalone7Z|x86
		{968378FA-A649-4058-A928-1FCD97B23070}.Release|Any CPU.Build.0 = Standalone7Z|x86
		{968378FA-A649-4058-A928-1FCD97B23070}.Release|Mixed Platforms.ActiveCfg = InstallerEXE|x86
		{968378FA-A649-4058-A928-1FCD97B23070}.Release|Mixed Platforms.Build.0 = InstallerEXE|x86
		{968378FA-A649-4058-A928-1FCD97B23070}.Release|x86.ActiveCfg = Standalone7Z|x86
		{968378FA-A649-4058-A928-1FCD97B23070}.Release|x86.Build.0 = Standalone7Z|x86
		{968378FA-A649-4058-A928-1FCD97B23070}.Standalone7Z|Any CPU.ActiveCfg = Standalone7Z|x86
		{968378FA-A649-4058-A928-1FCD97B23070}.Standalone7Z|Any CPU.Build.0 = Standalone7Z|x86
		{968378FA-A649-4058-A928-1FCD97B23070}.Standalone7Z|Mixed Platforms.ActiveCfg = Standalone7Z|x86
		{968378FA-A649-4058-A928-1FCD97B23070}.Standalone7Z|Mixed Platforms.Build.0 = Standalone7Z|x86
		{968378FA-A649-4058-A928-1FCD97B23070}.Standalone7Z|x86.ActiveCfg = Standalone7Z|x86
		{968378FA-A649-4058-A928-1FCD97B23070}.Standalone7Z|x86.Build.0 = Standalone7Z|x86
		{968378FA-A649-4058-A928-1FCD97B23070}.StandaloneZIP|Any CPU.ActiveCfg = StandaloneZIP|x86
		{968378FA-A649-4058-A928-1FCD97B23070}.StandaloneZIP|Any CPU.Build.0 = StandaloneZIP|x86
		{968378FA-A649-4058-A928-1FCD97B23070}.StandaloneZIP|Mixed Platforms.ActiveCfg = StandaloneZIP|x86
		{968378FA-A649-4058-A928-1FCD97B23070}.StandaloneZIP|Mixed Platforms.Build.0 = StandaloneZIP|x86
		{968378FA-A649-4058-A928-1FCD97B23070}.StandaloneZIP|x86.ActiveCfg = StandaloneZIP|x86
		{968378FA-A649-4058-A928-1FCD97B23070}.StandaloneZIP|x86.Build.0 = StandaloneZIP|x86
		{4D349529-149B-498B-8A55-373E6A67E1F0}.Debug|Any CPU.ActiveCfg = Debug|Any CPU
		{4D349529-149B-498B-8A55-373E6A67E1F0}.Debug|Any CPU.Build.0 = Debug|Any CPU
		{4D349529-149B-498B-8A55-373E6A67E1F0}.Debug|Mixed Platforms.ActiveCfg = Debug|Any CPU
		{4D349529-149B-498B-8A55-373E6A67E1F0}.Debug|Mixed Platforms.Build.0 = Debug|Any CPU
		{4D349529-149B-498B-8A55-373E6A67E1F0}.Debug|x86.ActiveCfg = Debug|Any CPU
		{4D349529-149B-498B-8A55-373E6A67E1F0}.Debug|x86.Build.0 = Debug|Any CPU
		{4D349529-149B-498B-8A55-373E6A67E1F0}.InstallerEXE|Any CPU.ActiveCfg = Release|Any CPU
		{4D349529-149B-498B-8A55-373E6A67E1F0}.InstallerEXE|Any CPU.Build.0 = Release|Any CPU
		{4D349529-149B-498B-8A55-373E6A67E1F0}.InstallerEXE|Mixed Platforms.ActiveCfg = Release|Any CPU
		{4D349529-149B-498B-8A55-373E6A67E1F0}.InstallerEXE|Mixed Platforms.Build.0 = Release|Any CPU
		{4D349529-149B-498B-8A55-373E6A67E1F0}.InstallerEXE|x86.ActiveCfg = Release|Any CPU
		{4D349529-149B-498B-8A55-373E6A67E1F0}.InstallerEXE|x86.Build.0 = Release|Any CPU
		{4D349529-149B-498B-8A55-373E6A67E1F0}.InstallerMSI|Any CPU.ActiveCfg = Release|Any CPU
		{4D349529-149B-498B-8A55-373E6A67E1F0}.InstallerMSI|Any CPU.Build.0 = Release|Any CPU
		{4D349529-149B-498B-8A55-373E6A67E1F0}.InstallerMSI|Mixed Platforms.ActiveCfg = Release|Any CPU
		{4D349529-149B-498B-8A55-373E6A67E1F0}.InstallerMSI|Mixed Platforms.Build.0 = Release|Any CPU
		{4D349529-149B-498B-8A55-373E6A67E1F0}.InstallerMSI|x86.ActiveCfg = Release|Any CPU
		{4D349529-149B-498B-8A55-373E6A67E1F0}.InstallerMSI|x86.Build.0 = Release|Any CPU
		{4D349529-149B-498B-8A55-373E6A67E1F0}.Release|Any CPU.ActiveCfg = Release|Any CPU
		{4D349529-149B-498B-8A55-373E6A67E1F0}.Release|Any CPU.Build.0 = Release|Any CPU
		{4D349529-149B-498B-8A55-373E6A67E1F0}.Release|Mixed Platforms.ActiveCfg = Release|Any CPU
		{4D349529-149B-498B-8A55-373E6A67E1F0}.Release|Mixed Platforms.Build.0 = Release|Any CPU
		{4D349529-149B-498B-8A55-373E6A67E1F0}.Release|x86.ActiveCfg = Release|Any CPU
		{4D349529-149B-498B-8A55-373E6A67E1F0}.Release|x86.Build.0 = Release|Any CPU
		{4D349529-149B-498B-8A55-373E6A67E1F0}.Standalone7Z|Any CPU.ActiveCfg = Release|Any CPU
		{4D349529-149B-498B-8A55-373E6A67E1F0}.Standalone7Z|Any CPU.Build.0 = Release|Any CPU
		{4D349529-149B-498B-8A55-373E6A67E1F0}.Standalone7Z|Mixed Platforms.ActiveCfg = Release|Any CPU
		{4D349529-149B-498B-8A55-373E6A67E1F0}.Standalone7Z|Mixed Platforms.Build.0 = Release|Any CPU
		{4D349529-149B-498B-8A55-373E6A67E1F0}.Standalone7Z|x86.ActiveCfg = Release|Any CPU
		{4D349529-149B-498B-8A55-373E6A67E1F0}.Standalone7Z|x86.Build.0 = Release|Any CPU
		{4D349529-149B-498B-8A55-373E6A67E1F0}.StandaloneZIP|Any CPU.ActiveCfg = Release|Any CPU
		{4D349529-149B-498B-8A55-373E6A67E1F0}.StandaloneZIP|Any CPU.Build.0 = Release|Any CPU
		{4D349529-149B-498B-8A55-373E6A67E1F0}.StandaloneZIP|Mixed Platforms.ActiveCfg = Release|Any CPU
		{4D349529-149B-498B-8A55-373E6A67E1F0}.StandaloneZIP|Mixed Platforms.Build.0 = Release|Any CPU
		{4D349529-149B-498B-8A55-373E6A67E1F0}.StandaloneZIP|x86.ActiveCfg = Release|Any CPU
		{4D349529-149B-498B-8A55-373E6A67E1F0}.StandaloneZIP|x86.Build.0 = Release|Any CPU
	EndGlobalSection
	GlobalSection(SolutionProperties) = preSolution
		HideSolutionNode = FALSE
	EndGlobalSection
	GlobalSection(ExtensibilityGlobals) = postSolution
		SolutionGuid = {D2414340-5F88-4C83-A829-CCA5E3867797}
	EndGlobalSection
	GlobalSection(SubversionScc) = preSolution
		Svn-Managed = True
		Manager = AnkhSVN - Subversion Support for Visual Studio
	EndGlobalSection
EndGlobal
